
Microsoft Visual Studio Solution File, Format Version 12.00
# Visual Studio Version 16
VisualStudioVersion = 16.0.31605.320
MinimumVisualStudioVersion = 10.0.40219.1
Project("{FAE04EC0-301F-11D3-BF4B-00C04F79EFBC}") = "Vehicles.Common", "Vehicles.Common\Vehicles.Common.csproj", "{7C00BBA4-A4C6-4347-9731-7043CB21C634}"
EndProject
Project("{FAE04EC0-301F-11D3-BF4B-00C04F79EFBC}") = "Vehicles.API", "Vehicles.API\Vehicles.API.csproj", "{2C4F0311-4025-4AAC-B52F-D87A0665CE9B}"
EndProject
Global
	GlobalSection(SolutionConfigurationPlatforms) = preSolution
		Debug|Any CPU = Debug|Any CPU
		Release|Any CPU = Release|Any CPU
	EndGlobalSection
	GlobalSection(ProjectConfigurationPlatforms) = postSolution
		{7C00BBA4-A4C6-4347-9731-7043CB21C634}.Debug|Any CPU.ActiveCfg = Debug|Any CPU
		{7C00BBA4-A4C6-4347-9731-7043CB21C634}.Debug|Any CPU.Build.0 = Debug|Any CPU
		{7C00BBA4-A4C6-4347-9731-7043CB21C634}.Release|Any CPU.ActiveCfg = Release|Any CPU
		{7C00BBA4-A4C6-4347-9731-7043CB21C634}.Release|Any CPU.Build.0 = Release|Any CPU
		{2C4F0311-4025-4AAC-B52F-D87A0665CE9B}.Debug|Any CPU.ActiveCfg = Debug|Any CPU
		{2C4F0311-4025-4AAC-B52F-D87A0665CE9B}.Debug|Any CPU.Build.0 = Debug|Any CPU
		{2C4F0311-4025-4AAC-B52F-D87A0665CE9B}.Release|Any CPU.ActiveCfg = Release|Any CPU
		{2C4F0311-4025-4AAC-B52F-D87A0665CE9B}.Release|Any CPU.Build.0 = Release|Any CPU
	EndGlobalSection
	GlobalSection(SolutionProperties) = preSolution
		HideSolutionNode = FALSE
	EndGlobalSection
	GlobalSection(ExtensibilityGlobals) = postSolution
		SolutionGuid = {5297E46B-27F8-49D3-890E-222828853815}
	EndGlobalSection
EndGlobal
